
Microsoft Visual Studio Solution File, Format Version 12.00
# Visual Studio Version 17
VisualStudioVersion = 17.13.35913.81 d17.13
MinimumVisualStudioVersion = 10.0.40219.1
Project("{FAE04EC0-301F-11D3-BF4B-00C04F79EFBC}") = "Flow Control", "Flow Control\Flow Control.csproj", "{F72269EC-5926-4AD6-A94E-B2FF739C3DB0}"
EndProject
Global
	GlobalSection(SolutionConfigurationPlatforms) = preSolution
		Debug|Any CPU = Debug|Any CPU
		Release|Any CPU = Release|Any CPU
	EndGlobalSection
	GlobalSection(ProjectConfigurationPlatforms) = postSolution
		{F72269EC-5926-4AD6-A94E-B2FF739C3DB0}.Debug|Any CPU.ActiveCfg = Debug|Any CPU
		{F72269EC-5926-4AD6-A94E-B2FF739C3DB0}.Debug|Any CPU.Build.0 = Debug|Any CPU
		{F72269EC-5926-4AD6-A94E-B2FF739C3DB0}.Release|Any CPU.ActiveCfg = Release|Any CPU
		{F72269EC-5926-4AD6-A94E-B2FF739C3DB0}.Release|Any CPU.Build.0 = Release|Any CPU
	EndGlobalSection
	GlobalSection(SolutionProperties) = preSolution
		HideSolutionNode = FALSE
	EndGlobalSection
	GlobalSection(ExtensibilityGlobals) = postSolution
		SolutionGuid = {B0C11B71-ECD4-48CD-A751-5995B365859E}
	EndGlobalSection
EndGlobal
